
Microsoft Visual Studio Solution File, Format Version 12.00
# Visual Studio Version 17
VisualStudioVersion = 17.3.32811.315
MinimumVisualStudioVersion = 10.0.40219.1
Project("{FAE04EC0-301F-11D3-BF4B-00C04F79EFBC}") = "Parcial1", "Parcial1\Parcial1.csproj", "{F1AA341A-B443-4F9D-9D38-8704D3492F12}"
EndProject
Global
	GlobalSection(SolutionConfigurationPlatforms) = preSolution
		Debug|Any CPU = Debug|Any CPU
		Release|Any CPU = Release|Any CPU
	EndGlobalSection
	GlobalSection(ProjectConfigurationPlatforms) = postSolution
		{F1AA341A-B443-4F9D-9D38-8704D3492F12}.Debug|Any CPU.ActiveCfg = Debug|Any CPU
		{F1AA341A-B443-4F9D-9D38-8704D3492F12}.Debug|Any CPU.Build.0 = Debug|Any CPU
		{F1AA341A-B443-4F9D-9D38-8704D3492F12}.Release|Any CPU.ActiveCfg = Release|Any CPU
		{F1AA341A-B443-4F9D-9D38-8704D3492F12}.Release|Any CPU.Build.0 = Release|Any CPU
	EndGlobalSection
	GlobalSection(SolutionProperties) = preSolution
		HideSolutionNode = FALSE
	EndGlobalSection
	GlobalSection(ExtensibilityGlobals) = postSolution
		SolutionGuid = {9E078574-0D1D-4F38-9CD8-532C7EDBE812}
	EndGlobalSection
EndGlobal
